github.com/google/uuid v1.6.0 h1:NIvaJDMOsjHA8n1jAhLSgzrAzy1Hgr+hNrb57e+94F0=
github.com/google/uuid v1.6.0/go.mod h1:TIyPZe4MgqvfeYDBFedMoGGpEw/LqOeaOT+nhxU+yHo=
gitlab.com/pjrpc/pjrpc/v2 v2.6.0 h1:kO+MllLaWKJbuRzJPlXx4SSiSuevK/qvOPUsFEz2qfk=
gitlab.com/pjrpc/pjrpc/v2 v2.6.0/go.mod h1:puxNZMhxI0v3kQfBJgcLsEd505SbsBAO/dkOPT1eRJE=
go.uber.org/mock v0.6.0 h1:hyF9dfmbgIX5EfOdasqLsWD6xqpNZlXblLB/Dbnwv3Y=
go.uber.org/mock v0.6.0/go.mod h1:KiVJ4BqZJaMj4svdfmHM0AUx4NJYO8ZNpPnZn1Z+BBU=
